<?xml version="1.0" encoding="utf-8"?>
<Project ToolsVersion="4.0" xmlns="http://schemas.microsoft.com/developer/msbuild/2003">
  <ItemGroup>
    <Filter Include="Quelldateien">
      <UniqueIdentifier>{4FC737F1-C7A5-4376-A066-2A32D752A2FF}</UniqueIdentifier>
      <Extensions>cpp;c;cc;cxx;c++;cppm;ixx;def;odl;idl;hpj;bat;asm;asmx</Extensions>
    </Filter>
    <Filter Include="Headerdateien">
      <UniqueIdentifier>{93995380-89BD-4b04-88EB-625FBE52EBFB}</UniqueIdentifier>
      <Extensions>h;hh;hpp;hxx;h++;hm;inl;inc;ipp;xsd</Extensions>
    </Filter>
    <Filter Include="Ressourcendateien">
      <UniqueIdentifier>{67DA6AB6-F800-4c08-8B7A-83BB121AAD01}</UniqueIdentifier>
      <Extensions>rc;ico;cur;bmp;dlg;rc2;rct;bin;rgs;gif;jpg;jpeg;jpe;resx;tiff;tif;png;wav;mfcribbon-ms</Extensions>
    </Filter>
  </ItemGroup>
  <ItemGroup>
    <ClCompile Include="src\black_white.c">
      <Filter>Quelldateien</Filter>
    </ClCompile>
    <ClCompile Include="src\canonical.c">
      <Filter>Quelldateien</Filter>
    </ClCompile>
    <ClCompile Include="src\cofactor.c">
      <Filter>Quelldateien</Filter>
    </ClCompile>
    <ClCompile Include="src\cols.c">
      <Filter>Quelldateien</Filter>
    </ClCompile>
    <ClCompile Include="src\compl.c">
      <Filter>Quelldateien</Filter>
    </ClCompile>
    <ClCompile Include="src\contain.c">
      <Filter>Quelldateien</Filter>
    </ClCompile>
    <ClCompile Include="src\cpu_time.c">
      <Filter>Quelldateien</Filter>
    </ClCompile>
    <ClCompile Include="src\cubestr.c">
      <Filter>Quelldateien</Filter>
    </ClCompile>
    <ClCompile Include="src\cvrin.c">
      <Filter>Quelldateien</Filter>
    </ClCompile>
    <ClCompile Include="src\cvrm.c">
      <Filter>Quelldateien</Filter>
    </ClCompile>
    <ClCompile Include="src\cvrmisc.c">
      <Filter>Quelldateien</Filter>
    </ClCompile>
    <ClCompile Include="src\cvrout.c">
      <Filter>Quelldateien</Filter>
    </ClCompile>
    <ClCompile Include="src\dominate.c">
      <Filter>Quelldateien</Filter>
    </ClCompile>
    <ClCompile Include="src\equiv.c">
      <Filter>Quelldateien</Filter>
    </ClCompile>
    <ClCompile Include="src\espresso.c">
      <Filter>Quelldateien</Filter>
    </ClCompile>
    <ClCompile Include="src\essen.c">
      <Filter>Quelldateien</Filter>
    </ClCompile>
    <ClCompile Include="src\essentiality.c">
      <Filter>Quelldateien</Filter>
    </ClCompile>
    <ClCompile Include="src\exact.c">
      <Filter>Quelldateien</Filter>
    </ClCompile>
    <ClCompile Include="src\expand.c">
      <Filter>Quelldateien</Filter>
    </ClCompile>
    <ClCompile Include="src\gasp.c">
      <Filter>Quelldateien</Filter>
    </ClCompile>
    <ClCompile Include="src\gimpel.c">
      <Filter>Quelldateien</Filter>
    </ClCompile>
    <ClCompile Include="src\globals.c">
      <Filter>Quelldateien</Filter>
    </ClCompile>
    <ClCompile Include="src\hack.c">
      <Filter>Quelldateien</Filter>
    </ClCompile>
    <ClCompile Include="src\indep.c">
      <Filter>Quelldateien</Filter>
    </ClCompile>
    <ClCompile Include="src\irred.c">
      <Filter>Quelldateien</Filter>
    </ClCompile>
    <ClCompile Include="src\main.c">
      <Filter>Quelldateien</Filter>
    </ClCompile>
    <ClCompile Include="src\map.c">
      <Filter>Quelldateien</Filter>
    </ClCompile>
    <ClCompile Include="src\matrix.c">
      <Filter>Quelldateien</Filter>
    </ClCompile>
    <ClCompile Include="src\mincov.c">
      <Filter>Quelldateien</Filter>
    </ClCompile>
    <ClCompile Include="src\opo.c">
      <Filter>Quelldateien</Filter>
    </ClCompile>
    <ClCompile Include="src\pair.c">
      <Filter>Quelldateien</Filter>
    </ClCompile>
    <ClCompile Include="src\part.c">
      <Filter>Quelldateien</Filter>
    </ClCompile>
    <ClCompile Include="src\primes.c">
      <Filter>Quelldateien</Filter>
    </ClCompile>
    <ClCompile Include="src\prtime.c">
      <Filter>Quelldateien</Filter>
    </ClCompile>
    <ClCompile Include="src\reduce.c">
      <Filter>Quelldateien</Filter>
    </ClCompile>
    <ClCompile Include="src\rows.c">
      <Filter>Quelldateien</Filter>
    </ClCompile>
    <ClCompile Include="src\set.c">
      <Filter>Quelldateien</Filter>
    </ClCompile>
    <ClCompile Include="src\setc.c">
      <Filter>Quelldateien</Filter>
    </ClCompile>
    <ClCompile Include="src\sharp.c">
      <Filter>Quelldateien</Filter>
    </ClCompile>
    <ClCompile Include="src\sigma.c">
      <Filter>Quelldateien</Filter>
    </ClCompile>
    <ClCompile Include="src\signature.c">
      <Filter>Quelldateien</Filter>
    </ClCompile>
    <ClCompile Include="src\signature_exact.c">
      <Filter>Quelldateien</Filter>
    </ClCompile>
    <ClCompile Include="src\sminterf.c">
      <Filter>Quelldateien</Filter>
    </ClCompile>
    <ClCompile Include="src\solution.c">
      <Filter>Quelldateien</Filter>
    </ClCompile>
    <ClCompile Include="src\sparse.c">
      <Filter>Quelldateien</Filter>
    </ClCompile>
    <ClCompile Include="src\strdup.c">
      <Filter>Quelldateien</Filter>
    </ClCompile>
    <ClCompile Include="src\unate.c">
      <Filter>Quelldateien</Filter>
    </ClCompile>
    <ClCompile Include="src\util_signature.c">
      <Filter>Quelldateien</Filter>
    </ClCompile>
    <ClCompile Include="src\verify.c">
      <Filter>Quelldateien</Filter>
    </ClCompile>
  </ItemGroup>
  <ItemGroup>
    <ClInclude Include="src\copyright.h">
      <Filter>Headerdateien</Filter>
    </ClInclude>
    <ClInclude Include="src\espresso.h">
      <Filter>Headerdateien</Filter>
    </ClInclude>
    <ClInclude Include="src\main.h">
      <Filter>Headerdateien</Filter>
    </ClInclude>
    <ClInclude Include="src\mincov.h">
      <Filter>Headerdateien</Filter>
    </ClInclude>
    <ClInclude Include="src\mincov_int.h">
      <Filter>Headerdateien</Filter>
    </ClInclude>
    <ClInclude Include="src\port.h">
      <Filter>Headerdateien</Filter>
    </ClInclude>
    <ClInclude Include="src\signature.h">
      <Filter>Headerdateien</Filter>
    </ClInclude>
    <ClInclude Include="src\sparse.h">
      <Filter>Headerdateien</Filter>
    </ClInclude>
    <ClInclude Include="src\sparse_int.h">
      <Filter>Headerdateien</Filter>
    </ClInclude>
    <ClInclude Include="src\strdup.h">
      <Filter>Headerdateien</Filter>
    </ClInclude>
    <ClInclude Include="src\utility.h">
      <Filter>Headerdateien</Filter>
    </ClInclude>
  </ItemGroup>
</Project>